
Microsoft Visual Studio Solution File, Format Version 12.00
# Visual Studio Version 16
VisualStudioVersion = 16.0.30114.105
MinimumVisualStudioVersion = 10.0.40219.1
Project("{FAE04EC0-301F-11D3-BF4B-00C04F79EFBC}") = "EShop.API", "EShop.API\EShop.API.csproj", "{568BBD44-18FF-4AB3-96E7-CD79BB2AD47D}"
EndProject
Project("{FAE04EC0-301F-11D3-BF4B-00C04F79EFBC}") = "EShop.Domain.Core", "EShop.Domain.Core\EShop.Domain.Core.csproj", "{23291BD7-BD3D-48A5-AECE-7224FB50FC9B}"
EndProject
Project("{FAE04EC0-301F-11D3-BF4B-00C04F79EFBC}") = "EShop.Domain", "EShop.Domain\EShop.Domain.csproj", "{D03FD553-B95E-4A6D-B813-ED446A9418BC}"
EndProject
Project("{FAE04EC0-301F-11D3-BF4B-00C04F79EFBC}") = "EShop.Application", "EShop.Application\EShop.Application.csproj", "{B79DA0C8-59C3-4CBF-9907-A4ECF9540651}"
EndProject
Project("{FAE04EC0-301F-11D3-BF4B-00C04F79EFBC}") = "EShop.Infrastructure", "EShop.Infrastructure\EShop.Infrastructure.csproj", "{24681F83-2ECB-4664-AE00-53B10C49D693}"
EndProject
Global
	GlobalSection(SolutionConfigurationPlatforms) = preSolution
		Debug|Any CPU = Debug|Any CPU
		Release|Any CPU = Release|Any CPU
	EndGlobalSection
	GlobalSection(SolutionProperties) = preSolution
		HideSolutionNode = FALSE
	EndGlobalSection
	GlobalSection(ProjectConfigurationPlatforms) = postSolution
		{568BBD44-18FF-4AB3-96E7-CD79BB2AD47D}.Debug|Any CPU.ActiveCfg = Debug|Any CPU
		{568BBD44-18FF-4AB3-96E7-CD79BB2AD47D}.Debug|Any CPU.Build.0 = Debug|Any CPU
		{568BBD44-18FF-4AB3-96E7-CD79BB2AD47D}.Release|Any CPU.ActiveCfg = Release|Any CPU
		{568BBD44-18FF-4AB3-96E7-CD79BB2AD47D}.Release|Any CPU.Build.0 = Release|Any CPU
		{23291BD7-BD3D-48A5-AECE-7224FB50FC9B}.Debug|Any CPU.ActiveCfg = Debug|Any CPU
		{23291BD7-BD3D-48A5-AECE-7224FB50FC9B}.Debug|Any CPU.Build.0 = Debug|Any CPU
		{23291BD7-BD3D-48A5-AECE-7224FB50FC9B}.Release|Any CPU.ActiveCfg = Release|Any CPU
		{23291BD7-BD3D-48A5-AECE-7224FB50FC9B}.Release|Any CPU.Build.0 = Release|Any CPU
		{D03FD553-B95E-4A6D-B813-ED446A9418BC}.Debug|Any CPU.ActiveCfg = Debug|Any CPU
		{D03FD553-B95E-4A6D-B813-ED446A9418BC}.Debug|Any CPU.Build.0 = Debug|Any CPU
		{D03FD553-B95E-4A6D-B813-ED446A9418BC}.Release|Any CPU.ActiveCfg = Release|Any CPU
		{D03FD553-B95E-4A6D-B813-ED446A9418BC}.Release|Any CPU.Build.0 = Release|Any CPU
		{B79DA0C8-59C3-4CBF-9907-A4ECF9540651}.Debug|Any CPU.ActiveCfg = Debug|Any CPU
		{B79DA0C8-59C3-4CBF-9907-A4ECF9540651}.Debug|Any CPU.Build.0 = Debug|Any CPU
		{B79DA0C8-59C3-4CBF-9907-A4ECF9540651}.Release|Any CPU.ActiveCfg = Release|Any CPU
		{B79DA0C8-59C3-4CBF-9907-A4ECF9540651}.Release|Any CPU.Build.0 = Release|Any CPU
		{24681F83-2ECB-4664-AE00-53B10C49D693}.Debug|Any CPU.ActiveCfg = Debug|Any CPU
		{24681F83-2ECB-4664-AE00-53B10C49D693}.Debug|Any CPU.Build.0 = Debug|Any CPU
		{24681F83-2ECB-4664-AE00-53B10C49D693}.Release|Any CPU.ActiveCfg = Release|Any CPU
		{24681F83-2ECB-4664-AE00-53B10C49D693}.Release|Any CPU.Build.0 = Release|Any CPU
	EndGlobalSection
EndGlobal
